{
  "nodes": {
    "DF-Assets": {
      "flake": false,
      "locked": {
        "lastModified": 1741534910,
        "narHash": "sha256-xNpSBDKvM611hOXU6/afv6xh5NmuVHt7ZCejXEKkJ70=",
        "ref": "refs/heads/master",
        "rev": "13e9463b4fb1898e8e814577b9ac7575cf9c38d5",
        "revCount": 78,
        "type": "git",
        "url": "https://github.com/Doom2D/DF-Assets"
      },
      "original": {
        "type": "git",
        "url": "https://github.com/Doom2D/DF-Assets"
      }
    },
    "Doom2D-Forever": {
      "flake": false,
      "locked": {
        "lastModified": 1746899671,
        "narHash": "sha256-WgRPUWmriJOjmENj/rmPEsjJkzu8R4Tf7QyosOVU4ug=",
        "ref": "refs/heads/mastersrv",
        "rev": "ff477854bed32bec2f84734d19809adeea943165",
        "revCount": 1593,
        "submodules": true,
        "type": "git",
        "url": "file:/home/nixos/Git/Doom2D-Forever"
      },
      "original": {
        "submodules": true,
        "type": "git",
        "url": "file:/home/nixos/Git/Doom2D-Forever"
      }
    },
    "d2df-distro-content": {
      "flake": false,
      "locked": {
        "narHash": "sha256-9zJDaoilo1Wng2GjpdPqPq/BBbkt3t4xdD+2x0ReImc=",
        "type": "file",
        "url": "https://doom2d.org/doom2d_forever/latest/df_distro_content.rar"
      },
      "original": {
        "type": "file",
        "url": "https://doom2d.org/doom2d_forever/latest/df_distro_content.rar"
      }
    },
    "d2df-distro-soundfont": {
      "flake": false,
      "locked": {
        "narHash": "sha256-NXRUm6XcrnqwZ5QEyblvomh4mD8yUacEWP1y3vCrQ0w=",
        "type": "file",
        "url": "https://doom2d.org/doom2d_forever/latest/df_midi_bank.rar"
      },
      "original": {
        "type": "file",
        "url": "https://doom2d.org/doom2d_forever/latest/df_midi_bank.rar"
      }
    },
    "d2df-editor": {
      "flake": false,
      "locked": {
        "lastModified": 1741097150,
        "narHash": "sha256-V4fCSjY3Sf19ouYyR1eEV7qEVC3/7KzbCYjLQbaWoH0=",
        "ref": "d2df-editor.git",
        "rev": "15a52061a8fbb2730db5f909f8f25dbae71e8717",
        "revCount": 199,
        "submodules": true,
        "type": "git",
        "url": "https://github.com/Doom2D/Doom2D-Forever"
      },
      "original": {
        "ref": "d2df-editor.git",
        "submodules": true,
        "type": "git",
        "url": "https://github.com/Doom2D/Doom2D-Forever"
      }
    },
    "flake-utils": {
      "inputs": {
        "systems": "systems"
      },
      "locked": {
        "lastModified": 1731533236,
        "narHash": "sha256-l0KFg5HjrsfsO/JpG+r7fRrqm12kzFHyUHqHCVpMMbI=",
        "owner": "numtide",
        "repo": "flake-utils",
        "rev": "11707dc2f618dd54ca8739b309ec4fc024de578b",
        "type": "github"
      },
      "original": {
        "owner": "numtide",
        "repo": "flake-utils",
        "type": "github"
      }
    },
    "flake-utils_2": {
      "locked": {
        "lastModified": 1648297722,
        "narHash": "sha256-W+qlPsiZd8F3XkzXOzAoR+mpFqzm3ekQkJNa+PIh1BQ=",
        "owner": "numtide",
        "repo": "flake-utils",
        "rev": "0f8662f1319ad6abf89b3380dd2722369fc51ade",
        "type": "github"
      },
      "original": {
        "owner": "numtide",
        "repo": "flake-utils",
        "type": "github"
      }
    },
    "nix-bundle": {
      "inputs": {
        "nixpkgs": [
          "nixpkgs"
        ],
        "utils": "utils"
      },
      "locked": {
        "lastModified": 1729095141,
        "narHash": "sha256-2AXV3I8D/I3UkQY797j/fSKrIwbUpTVZ82s2O/ErtVM=",
        "owner": "nix-community",
        "repo": "nix-bundle",
        "rev": "4f6330b20767744a4c28788e3cdb05e02d096cd8",
        "type": "github"
      },
      "original": {
        "owner": "nix-community",
        "repo": "nix-bundle",
        "type": "github"
      }
    },
    "nix-github-actions": {
      "inputs": {
        "nixpkgs": "nixpkgs"
      },
      "locked": {
        "lastModified": 1737420293,
        "narHash": "sha256-F1G5ifvqTpJq7fdkT34e/Jy9VCyzd5XfJ9TO8fHhJWE=",
        "owner": "nix-community",
        "repo": "nix-github-actions",
        "rev": "f4158fa080ef4503c8f4c820967d946c2af31ec9",
        "type": "github"
      },
      "original": {
        "owner": "nix-community",
        "repo": "nix-github-actions",
        "type": "github"
      }
    },
    "nixpkgs": {
      "locked": {
        "lastModified": 1688646010,
        "narHash": "sha256-kCeza5eKI2NEi8k0EoeZfv3lN1r1Vwx+L/VA6I8tmG4=",
        "owner": "NixOS",
        "repo": "nixpkgs",
        "rev": "5daaa32204e9c46b05cd709218b7ba733d07e80c",
        "type": "github"
      },
      "original": {
        "id": "nixpkgs",
        "type": "indirect"
      }
    },
    "nixpkgs-stable": {
      "locked": {
        "lastModified": 1746183838,
        "narHash": "sha256-kwaaguGkAqTZ1oK0yXeQ3ayYjs8u/W7eEfrFpFfIDFA=",
        "owner": "NixOS",
        "repo": "nixpkgs",
        "rev": "bf3287dac860542719fe7554e21e686108716879",
        "type": "github"
      },
      "original": {
        "owner": "NixOS",
        "ref": "nixos-24.11",
        "repo": "nixpkgs",
        "type": "github"
      }
    },
    "nixpkgs_2": {
      "locked": {
        "lastModified": 1746141548,
        "narHash": "sha256-IgBWhX7A2oJmZFIrpRuMnw5RAufVnfvOgHWgIdds+hc=",
        "owner": "NixOS",
        "repo": "nixpkgs",
        "rev": "f02fddb8acef29a8b32f10a335d44828d7825b78",
        "type": "github"
      },
      "original": {
        "owner": "NixOS",
        "ref": "nixos-unstable",
        "repo": "nixpkgs",
        "type": "github"
      }
    },
    "osxcross": {
      "inputs": {
        "flake-utils": "flake-utils_2",
        "nixpkgs": [
          "nixpkgs"
        ]
      },
      "locked": {
        "lastModified": 1740685545,
        "narHash": "sha256-ERcKy0kGq3QWIoTplNTf350iDoFU5/ObxGoV0Ej/gJU=",
        "owner": "polybluez",
        "repo": "osxcross",
        "rev": "2a6d494d4fc9e9d5b4d3273b417c4e03f2c04e63",
        "type": "github"
      },
      "original": {
        "owner": "polybluez",
        "ref": "framework",
        "repo": "osxcross",
        "type": "github"
      }
    },
    "root": {
      "inputs": {
        "DF-Assets": "DF-Assets",
        "Doom2D-Forever": "Doom2D-Forever",
        "d2df-distro-content": "d2df-distro-content",
        "d2df-distro-soundfont": "d2df-distro-soundfont",
        "d2df-editor": "d2df-editor",
        "flake-utils": "flake-utils",
        "nix-bundle": "nix-bundle",
        "nix-github-actions": "nix-github-actions",
        "nixpkgs": "nixpkgs_2",
        "nixpkgs-stable": "nixpkgs-stable",
        "osxcross": "osxcross"
      }
    },
    "systems": {
      "locked": {
        "lastModified": 1681028828,
        "narHash": "sha256-Vy1rq5AaRuLzOxct8nz4T6wlgyUR7zLU309k9mBC768=",
        "owner": "nix-systems",
        "repo": "default",
        "rev": "da67096a3b9bf56a91d16901293e51ba5b49a27e",
        "type": "github"
      },
      "original": {
        "owner": "nix-systems",
        "repo": "default",
        "type": "github"
      }
    },
    "systems_2": {
      "locked": {
        "lastModified": 1681028828,
        "narHash": "sha256-Vy1rq5AaRuLzOxct8nz4T6wlgyUR7zLU309k9mBC768=",
        "owner": "nix-systems",
        "repo": "default",
        "rev": "da67096a3b9bf56a91d16901293e51ba5b49a27e",
        "type": "github"
      },
      "original": {
        "owner": "nix-systems",
        "repo": "default",
        "type": "github"
      }
    },
    "utils": {
      "inputs": {
        "systems": "systems_2"
      },
      "locked": {
        "lastModified": 1726560853,
        "narHash": "sha256-X6rJYSESBVr3hBoH0WbKE5KvhPU5bloyZ2L4K60/fPQ=",
        "owner": "numtide",
        "repo": "flake-utils",
        "rev": "c1dfcf08411b08f6b8615f7d8971a2bfa81d5e8a",
        "type": "github"
      },
      "original": {
        "owner": "numtide",
        "repo": "flake-utils",
        "type": "github"
      }
    }
  },
  "root": "root",
  "version": 7
}
